
Microsoft Visual Studio Solution File, Format Version 12.00
# Visual Studio Version 17
VisualStudioVersion = 17.6.33801.468
MinimumVisualStudioVersion = 10.0.40219.1
Project("{778DAE3C-4631-46EA-AA77-85C1314464D9}") = "Mongoose", "Mongoose.vbproj", "{4F8F8BBB-3A48-490C-B268-3F12152C5DA8}"
EndProject
Project("{54435603-DBB4-11D2-8724-00A0C9A8B90C}") = "Mongoose_Setup", "..\Mongoose_Setup\Mongoose_Setup.vdproj", "{7090368D-9622-4079-8F49-3CC916FAF99A}"
EndProject
Global
	GlobalSection(SolutionConfigurationPlatforms) = preSolution
		Debug|Any CPU = Debug|Any CPU
		Release|Any CPU = Release|Any CPU
	EndGlobalSection
	GlobalSection(ProjectConfigurationPlatforms) = postSolution
		{4F8F8BBB-3A48-490C-B268-3F12152C5DA8}.Debug|Any CPU.ActiveCfg = Debug|Any CPU
		{4F8F8BBB-3A48-490C-B268-3F12152C5DA8}.Debug|Any CPU.Build.0 = Debug|Any CPU
		{4F8F8BBB-3A48-490C-B268-3F12152C5DA8}.Release|Any CPU.ActiveCfg = Release|Any CPU
		{4F8F8BBB-3A48-490C-B268-3F12152C5DA8}.Release|Any CPU.Build.0 = Release|Any CPU
		{7090368D-9622-4079-8F49-3CC916FAF99A}.Debug|Any CPU.ActiveCfg = Debug
		{7090368D-9622-4079-8F49-3CC916FAF99A}.Release|Any CPU.ActiveCfg = Release
	EndGlobalSection
	GlobalSection(SolutionProperties) = preSolution
		HideSolutionNode = FALSE
	EndGlobalSection
	GlobalSection(ExtensibilityGlobals) = postSolution
		SolutionGuid = {68AA9D01-94DF-415B-969F-31C5F361AE2C}
	EndGlobalSection
EndGlobal
